# @generated - this file is auto-generated by `mise lock` https://mise.jdx.dev/dev-tools/mise-lock.html

[[tools.communique]]
version = "1.0.1"
backend = "github:jdx/communique"

[tools.communique."platforms.linux-arm64"]
checksum = "sha256:7be8c2a327212b41e7d39c9866f49c09c26beddfcdfbde1289804c836c45797b"
url = "https://github.com/jdx/communique/releases/download/v1.0.1/communique-aarch64-unknown-linux-gnu.tar.gz"
url_api = "https://api.github.com/repos/jdx/communique/releases/assets/400318499"

[tools.communique."platforms.linux-arm64-musl"]
checksum = "sha256:7be8c2a327212b41e7d39c9866f49c09c26beddfcdfbde1289804c836c45797b"
url = "https://github.com/jdx/communique/releases/download/v1.0.1/communique-aarch64-unknown-linux-gnu.tar.gz"
url_api = "https://api.github.com/repos/jdx/communique/releases/assets/400318499"

[tools.communique."platforms.linux-x64"]
checksum = "sha256:33a48d38d83cba48c0e2dca967633baf1a22ea1f2aeb89b59106379c17b18bc2"
url = "https://github.com/jdx/communique/releases/download/v1.0.1/communique-x86_64-unknown-linux-gnu.tar.gz"
url_api = "https://api.github.com/repos/jdx/communique/releases/assets/400318330"

[tools.communique."platforms.linux-x64-musl"]
checksum = "sha256:33a48d38d83cba48c0e2dca967633baf1a22ea1f2aeb89b59106379c17b18bc2"
url = "https://github.com/jdx/communique/releases/download/v1.0.1/communique-x86_64-unknown-linux-gnu.tar.gz"
url_api = "https://api.github.com/repos/jdx/communique/releases/assets/400318330"

[tools.communique."platforms.macos-arm64"]
checksum = "sha256:9adcd413f3377b98aa12df003ffa4c24f084e7bea549104e29088a3b79892dd8"
url = "https://github.com/jdx/communique/releases/download/v1.0.1/communique-aarch64-apple-darwin.tar.gz"
url_api = "https://api.github.com/repos/jdx/communique/releases/assets/400318491"

[tools.communique."platforms.windows-x64"]
checksum = "sha256:2474f4ed704c9a94bb9dd357452275b8efe92df132ab81b642055c858441a905"
url = "https://github.com/jdx/communique/releases/download/v1.0.1/communique-x86_64-pc-windows-msvc.zip"
url_api = "https://api.github.com/repos/jdx/communique/releases/assets/400319696"
